
Microsoft Visual Studio Solution File, Format Version 12.00
# Visual Studio Version 17
VisualStudioVersion = 17.8.34322.80
MinimumVisualStudioVersion = 10.0.40219.1
Project("{FAE04EC0-301F-11D3-BF4B-00C04F79EFBC}") = "MongoDbApi", "MongoDbApi\MongoDbApi.csproj", "{78ACC4B8-DDEF-4ECC-BC53-86B35BF45285}"
EndProject
Global
	GlobalSection(SolutionConfigurationPlatforms) = preSolution
		Debug|Any CPU = Debug|Any CPU
		Release|Any CPU = Release|Any CPU
	EndGlobalSection
	GlobalSection(ProjectConfigurationPlatforms) = postSolution
		{78ACC4B8-DDEF-4ECC-BC53-86B35BF45285}.Debug|Any CPU.ActiveCfg = Debug|Any CPU
		{78ACC4B8-DDEF-4ECC-BC53-86B35BF45285}.Debug|Any CPU.Build.0 = Debug|Any CPU
		{78ACC4B8-DDEF-4ECC-BC53-86B35BF45285}.Release|Any CPU.ActiveCfg = Release|Any CPU
		{78ACC4B8-DDEF-4ECC-BC53-86B35BF45285}.Release|Any CPU.Build.0 = Release|Any CPU
	EndGlobalSection
	GlobalSection(SolutionProperties) = preSolution
		HideSolutionNode = FALSE
	EndGlobalSection
	GlobalSection(ExtensibilityGlobals) = postSolution
		SolutionGuid = {3207C281-143F-4FD3-9C40-A7D17CE7AB6A}
	EndGlobalSection
EndGlobal
